
Microsoft Visual Studio Solution File, Format Version 12.00
# Visual Studio Version 16
VisualStudioVersion = 16.0.30621.155
MinimumVisualStudioVersion = 10.0.40219.1
Project("{FAE04EC0-301F-11D3-BF4B-00C04F79EFBC}") = "XUnitTestProject1", "XUnitTestProject1\XUnitTestProject1.csproj", "{F6D58A90-18C0-4F1B-A0DE-EC9DE15A136A}"
EndProject
Global
	GlobalSection(SolutionConfigurationPlatforms) = preSolution
		Debug|Any CPU = Debug|Any CPU
		Release|Any CPU = Release|Any CPU
	EndGlobalSection
	GlobalSection(ProjectConfigurationPlatforms) = postSolution
		{F6D58A90-18C0-4F1B-A0DE-EC9DE15A136A}.Debug|Any CPU.ActiveCfg = Debug|Any CPU
		{F6D58A90-18C0-4F1B-A0DE-EC9DE15A136A}.Debug|Any CPU.Build.0 = Debug|Any CPU
		{F6D58A90-18C0-4F1B-A0DE-EC9DE15A136A}.Release|Any CPU.ActiveCfg = Release|Any CPU
		{F6D58A90-18C0-4F1B-A0DE-EC9DE15A136A}.Release|Any CPU.Build.0 = Release|Any CPU
	EndGlobalSection
	GlobalSection(SolutionProperties) = preSolution
		HideSolutionNode = FALSE
	EndGlobalSection
	GlobalSection(ExtensibilityGlobals) = postSolution
		SolutionGuid = {8CD64AF0-2E43-43B0-878C-2B384903E4E8}
	EndGlobalSection
EndGlobal
